
Microsoft Visual Studio Solution File, Format Version 12.00
# Visual Studio Version 17
VisualStudioVersion = 17.14.36121.58
MinimumVisualStudioVersion = 10.0.40219.1
Project("{FAE04EC0-301F-11D3-BF4B-00C04F79EFBC}") = "CdService", "CdService\CdService.csproj", "{BCB355D9-7695-3B11-90DB-FB13A790DD16}"
EndProject
Project("{FAE04EC0-301F-11D3-BF4B-00C04F79EFBC}") = "ShoppingService", "ShoppingService\ShoppingService.csproj", "{1EB3F0BF-4B6B-E5EC-09F9-B63EBBDFCFCB}"
EndProject
Project("{FAE04EC0-301F-11D3-BF4B-00C04F79EFBC}") = "UserService", "UserService\UserService.csproj", "{F8832160-6E8A-C1E0-17C8-08A5783EBD52}"
EndProject
Project("{2150E333-8FDC-42A3-9474-1A3956D46DE8}") = "docker-compose", "docker-compose", "{D107F4C8-89CC-BEA8-D3D7-CA6B7733353D}"
	ProjectSection(SolutionItems) = preProject
		.dockerignore = .dockerignore
		docker-compose.yml = docker-compose.yml
	EndProjectSection
EndProject
Global
	GlobalSection(SolutionConfigurationPlatforms) = preSolution
		Debug|Any CPU = Debug|Any CPU
		Release|Any CPU = Release|Any CPU
	EndGlobalSection
	GlobalSection(ProjectConfigurationPlatforms) = postSolution
		{BCB355D9-7695-3B11-90DB-FB13A790DD16}.Debug|Any CPU.ActiveCfg = Debug|Any CPU
		{BCB355D9-7695-3B11-90DB-FB13A790DD16}.Debug|Any CPU.Build.0 = Debug|Any CPU
		{BCB355D9-7695-3B11-90DB-FB13A790DD16}.Release|Any CPU.ActiveCfg = Release|Any CPU
		{BCB355D9-7695-3B11-90DB-FB13A790DD16}.Release|Any CPU.Build.0 = Release|Any CPU
		{1EB3F0BF-4B6B-E5EC-09F9-B63EBBDFCFCB}.Debug|Any CPU.ActiveCfg = Debug|Any CPU
		{1EB3F0BF-4B6B-E5EC-09F9-B63EBBDFCFCB}.Debug|Any CPU.Build.0 = Debug|Any CPU
		{1EB3F0BF-4B6B-E5EC-09F9-B63EBBDFCFCB}.Release|Any CPU.ActiveCfg = Release|Any CPU
		{1EB3F0BF-4B6B-E5EC-09F9-B63EBBDFCFCB}.Release|Any CPU.Build.0 = Release|Any CPU
		{F8832160-6E8A-C1E0-17C8-08A5783EBD52}.Debug|Any CPU.ActiveCfg = Debug|Any CPU
		{F8832160-6E8A-C1E0-17C8-08A5783EBD52}.Debug|Any CPU.Build.0 = Debug|Any CPU
		{F8832160-6E8A-C1E0-17C8-08A5783EBD52}.Release|Any CPU.ActiveCfg = Release|Any CPU
		{F8832160-6E8A-C1E0-17C8-08A5783EBD52}.Release|Any CPU.Build.0 = Release|Any CPU
	EndGlobalSection
	GlobalSection(SolutionProperties) = preSolution
		HideSolutionNode = FALSE
	EndGlobalSection
	GlobalSection(ExtensibilityGlobals) = postSolution
		SolutionGuid = {01447DBF-B43B-45CE-AA0B-1FF1C21F08FC}
	EndGlobalSection
EndGlobal
